
Microsoft Visual Studio Solution File, Format Version 12.00
# Visual Studio Version 17
VisualStudioVersion = 17.13.35806.99 d17.13
MinimumVisualStudioVersion = 10.0.40219.1
Project("{FAE04EC0-301F-11D3-BF4B-00C04F79EFBC}") = "ApiGemini_Jorge_Ramos", "ApiGemini_Jorge_Ramos\ApiGemini_Jorge_Ramos.csproj", "{2BBDB471-C60A-46CC-B7BC-1978DDFA0CFF}"
EndProject
Global
	GlobalSection(SolutionConfigurationPlatforms) = preSolution
		Debug|Any CPU = Debug|Any CPU
		Release|Any CPU = Release|Any CPU
	EndGlobalSection
	GlobalSection(ProjectConfigurationPlatforms) = postSolution
		{2BBDB471-C60A-46CC-B7BC-1978DDFA0CFF}.Debug|Any CPU.ActiveCfg = Debug|Any CPU
		{2BBDB471-C60A-46CC-B7BC-1978DDFA0CFF}.Debug|Any CPU.Build.0 = Debug|Any CPU
		{2BBDB471-C60A-46CC-B7BC-1978DDFA0CFF}.Release|Any CPU.ActiveCfg = Release|Any CPU
		{2BBDB471-C60A-46CC-B7BC-1978DDFA0CFF}.Release|Any CPU.Build.0 = Release|Any CPU
	EndGlobalSection
	GlobalSection(SolutionProperties) = preSolution
		HideSolutionNode = FALSE
	EndGlobalSection
	GlobalSection(ExtensibilityGlobals) = postSolution
		SolutionGuid = {907CC2A0-5CBE-4271-BAB9-D6F7289BC618}
	EndGlobalSection
EndGlobal
